// !$*UTF8*$!
{
	archiveVersion = 1;
	classes = {
	};
	objectVersion = 77;
	objects = {

/* Begin PBXBuildFile section */
		0B987A402E7E8E42002E596F /* WidgetKit.framework in Frameworks */ = {isa = PBXBuildFile; fileRef = 0B987A3F2E7E8E42002E596F /* WidgetKit.framework */; };
		0B987A422E7E8E42002E596F /* SwiftUI.framework in Frameworks */ = {isa = PBXBuildFile; fileRef = 0B987A412E7E8E42002E596F /* SwiftUI.framework */; };
		0B987A512E7E8E43002E596F /* LiveActivityWidgetExtension.appex in Embed Foundation Extensions */ = {isa = PBXBuildFile; fileRef = 0B987A3D2E7E8E42002E596F /* LiveActivityWidgetExtension.appex */; settings = {ATTRIBUTES = (RemoveHeadersOnCopy, ); }; };
/* End PBXBuildFile section */

/* Begin PBXContainerItemProxy section */
		0B987A1D2E7E8DF8002E596F /* PBXContainerItemProxy */ = {
			isa = PBXContainerItemProxy;
			containerPortal = 0B987A042E7E8DF7002E596F /* Project object */;
			proxyType = 1;
			remoteGlobalIDString = 0B987A0B2E7E8DF7002E596F;
			remoteInfo = LiveActivityPOC;
		};
		0B987A272E7E8DF8002E596F /* PBXContainerItemProxy */ = {
			isa = PBXContainerItemProxy;
			containerPortal = 0B987A042E7E8DF7002E596F /* Project object */;
			proxyType = 1;
			remoteGlobalIDString = 0B987A0B2E7E8DF7002E596F;
			remoteInfo = LiveActivityPOC;
		};
		0B987A4F2E7E8E43002E596F /* PBXContainerItemProxy */ = {
			isa = PBXContainerItemProxy;
			containerPortal = 0B987A042E7E8DF7002E596F /* Project object */;
			proxyType = 1;
			remoteGlobalIDString = 0B987A3C2E7E8E42002E596F;
			remoteInfo = LiveActivityWidgetExtension;
		};
/* End PBXContainerItemProxy section */

/* Begin PBXCopyFilesBuildPhase section */
		0B987A562E7E8E43002E596F /* Embed Foundation Extensions */ = {
			isa = PBXCopyFilesBuildPhase;
			buildActionMask = 2147483647;
			dstPath = "";
			dstSubfolderSpec = 13;
			files = (
				0B987A512E7E8E43002E596F /* LiveActivityWidgetExtension.appex in Embed Foundation Extensions */,
			);
			name = "Embed Foundation Extensions";
			runOnlyForDeploymentPostprocessing = 0;
		};
/* End PBXCopyFilesBuildPhase section */

/* Begin PBXFileReference section */
		0B987A0C2E7E8DF7002E596F /* LiveActivityPOC.app */ = {isa = PBXFileReference; explicitFileType = wrapper.application; includeInIndex = 0; path = LiveActivityPOC.app; sourceTree = BUILT_PRODUCTS_DIR; };
		0B987A1C2E7E8DF8002E596F /* LiveActivityPOCTests.xctest */ = {isa = PBXFileReference; explicitFileType = wrapper.cfbundle; includeInIndex = 0; path = LiveActivityPOCTests.xctest; sourceTree = BUILT_PRODUCTS_DIR; };
		0B987A262E7E8DF8002E596F /* LiveActivityPOCUITests.xctest */ = {isa = PBXFileReference; explicitFileType = wrapper.cfbundle; includeInIndex = 0; path = LiveActivityPOCUITests.xctest; sourceTree = BUILT_PRODUCTS_DIR; };
		0B987A3D2E7E8E42002E596F /* LiveActivityWidgetExtension.appex */ = {isa = PBXFileReference; explicitFileType = "wrapper.app-extension"; includeInIndex = 0; path = LiveActivityWidgetExtension.appex; sourceTree = BUILT_PRODUCTS_DIR; };
		0B987A3F2E7E8E42002E596F /* WidgetKit.framework */ = {isa = PBXFileReference; lastKnownFileType = wrapper.framework; name = WidgetKit.framework; path = System/Library/Frameworks/WidgetKit.framework; sourceTree = SDKROOT; };
		0B987A412E7E8E42002E596F /* SwiftUI.framework */ = {isa = PBXFileReference; lastKnownFileType = wrapper.framework; name = SwiftUI.framework; path = System/Library/Frameworks/SwiftUI.framework; sourceTree = SDKROOT; };
/* End PBXFileReference section */

/* Begin PBXFileSystemSynchronizedBuildFileExceptionSet section */
		0B2098AD2E7EC8F1006AAF79 /* Exceptions for "LiveActivityPOC" folder in "LiveActivityWidgetExtension" target */ = {
			isa = PBXFileSystemSynchronizedBuildFileExceptionSet;
			membershipExceptions = (
				LiveActivityAttributes.swift,
			);
			target = 0B987A3C2E7E8E42002E596F /* LiveActivityWidgetExtension */;
		};
		0B987A522E7E8E43002E596F /* Exceptions for "LiveActivityWidget" folder in "LiveActivityWidgetExtension" target */ = {
			isa = PBXFileSystemSynchronizedBuildFileExceptionSet;
			membershipExceptions = (
				Info.plist,
			);
			target = 0B987A3C2E7E8E42002E596F /* LiveActivityWidgetExtension */;
		};
		0B987A5B2E7E9195002E596F /* Exceptions for "LiveActivityPOC" folder in "LiveActivityPOC" target */ = {
			isa = PBXFileSystemSynchronizedBuildFileExceptionSet;
			membershipExceptions = (
				Info.plist,
			);
			target = 0B987A0B2E7E8DF7002E596F /* LiveActivityPOC */;
		};
/* End PBXFileSystemSynchronizedBuildFileExceptionSet section */

/* Begin PBXFileSystemSynchronizedRootGroup section */
		0B987A0E2E7E8DF7002E596F /* LiveActivityPOC */ = {
			isa = PBXFileSystemSynchronizedRootGroup;
			exceptions = (
				0B987A5B2E7E9195002E596F /* Exceptions for "LiveActivityPOC" folder in "LiveActivityPOC" target */,
				0B2098AD2E7EC8F1006AAF79 /* Exceptions for "LiveActivityPOC" folder in "LiveActivityWidgetExtension" target */,
			);
			path = LiveActivityPOC;
			sourceTree = "<group>";
		};
		0B987A1F2E7E8DF8002E596F /* LiveActivityPOCTests */ = {
			isa = PBXFileSystemSynchronizedRootGroup;
			path = LiveActivityPOCTests;
			sourceTree = "<group>";
		};
		0B987A292E7E8DF8002E596F /* LiveActivityPOCUITests */ = {
			isa = PBXFileSystemSynchronizedRootGroup;
			path = LiveActivityPOCUITests;
			sourceTree = "<group>";
		};
		0B987A432E7E8E42002E596F /* LiveActivityWidget */ = {
			isa = PBXFileSystemSynchronizedRootGroup;
			exceptions = (
				0B987A522E7E8E43002E596F /* Exceptions for "LiveActivityWidget" folder in "LiveActivityWidgetExtension" target */,
			);
			path = LiveActivityWidget;
			sourceTree = "<group>";
		};
/* End PBXFileSystemSynchronizedRootGroup section */

/* Begin PBXFrameworksBuildPhase section */
		0B987A092E7E8DF7002E596F /* Frameworks */ = {
			isa = PBXFrameworksBuildPhase;
			buildActionMask = 2147483647;
			files = (
			);
			runOnlyForDeploymentPostprocessing = 0;
		};
		0B987A192E7E8DF8002E596F /* Frameworks */ = {
			isa = PBXFrameworksBuildPhase;
			buildActionMask = 2147483647;
			files = (
			);
			runOnlyForDeploymentPostprocessing = 0;
		};
		0B987A232E7E8DF8002E596F /* Frameworks */ = {
			isa = PBXFrameworksBuildPhase;
			buildActionMask = 2147483647;
			files = (
			);
			runOnlyForDeploymentPostprocessing = 0;
		};
		0B987A3A2E7E8E42002E596F /* Frameworks */ = {
			isa = PBXFrameworksBuildPhase;
			buildActionMask = 2147483647;
			files = (
				0B987A422E7E8E42002E596F /* SwiftUI.framework in Frameworks */,
				0B987A402E7E8E42002E596F /* WidgetKit.framework in Frameworks */,
			);
			runOnlyForDeploymentPostprocessing = 0;
		};
/* End PBXFrameworksBuildPhase section */

/* Begin PBXGroup section */
		0B987A032E7E8DF7002E596F = {
			isa = PBXGroup;
			children = (
				0B987A0E2E7E8DF7002E596F /* LiveActivityPOC */,
				0B987A1F2E7E8DF8002E596F /* LiveActivityPOCTests */,
				0B987A292E7E8DF8002E596F /* LiveActivityPOCUITests */,
				0B987A432E7E8E42002E596F /* LiveActivityWidget */,
				0B987A3E2E7E8E42002E596F /* Frameworks */,
				0B987A0D2E7E8DF7002E596F /* Products */,
			);
			sourceTree = "<group>";
		};
		0B987A0D2E7E8DF7002E596F /* Products */ = {
			isa = PBXGroup;
			children = (
				0B987A0C2E7E8DF7002E596F /* LiveActivityPOC.app */,
				0B987A1C2E7E8DF8002E596F /* LiveActivityPOCTests.xctest */,
				0B987A262E7E8DF8002E596F /* LiveActivityPOCUITests.xctest */,
				0B987A3D2E7E8E42002E596F /* LiveActivityWidgetExtension.appex */,
			);
			name = Products;
			sourceTree = "<group>";
		};
		0B987A3E2E7E8E42002E596F /* Frameworks */ = {
			isa = PBXGroup;
			children = (
				0B987A3F2E7E8E42002E596F /* WidgetKit.framework */,
				0B987A412E7E8E42002E596F /* SwiftUI.framework */,
			);
			name = Frameworks;
			sourceTree = "<group>";
		};
/* End PBXGroup section */

/* Begin PBXNativeTarget section */
		0B987A0B2E7E8DF7002E596F /* LiveActivityPOC */ = {
			isa = PBXNativeTarget;
			buildConfigurationList = 0B987A302E7E8DF8002E596F /* Build configuration list for PBXNativeTarget "LiveActivityPOC" */;
			buildPhases = (
				0B987A082E7E8DF7002E596F /* Sources */,
				0B987A092E7E8DF7002E596F /* Frameworks */,
				0B987A0A2E7E8DF7002E596F /* Resources */,
				0B987A562E7E8E43002E596F /* Embed Foundation Extensions */,
			);
			buildRules = (
			);
			dependencies = (
				0B987A502E7E8E43002E596F /* PBXTargetDependency */,
			);
			fileSystemSynchronizedGroups = (
				0B987A0E2E7E8DF7002E596F /* LiveActivityPOC */,
			);
			name = LiveActivityPOC;
			packageProductDependencies = (
			);
			productName = LiveActivityPOC;
			productReference = 0B987A0C2E7E8DF7002E596F /* LiveActivityPOC.app */;
			productType = "com.apple.product-type.application";
		};
		0B987A1B2E7E8DF8002E596F /* LiveActivityPOCTests */ = {
			isa = PBXNativeTarget;
			buildConfigurationList = 0B987A332E7E8DF8002E596F /* Build configuration list for PBXNativeTarget "LiveActivityPOCTests" */;
			buildPhases = (
				0B987A182E7E8DF8002E596F /* Sources */,
				0B987A192E7E8DF8002E596F /* Frameworks */,
				0B987A1A2E7E8DF8002E596F /* Resources */,
			);
			buildRules = (
			);
			dependencies = (
				0B987A1E2E7E8DF8002E596F /* PBXTargetDependency */,
			);
			fileSystemSynchronizedGroups = (
				0B987A1F2E7E8DF8002E596F /* LiveActivityPOCTests */,
			);
			name = LiveActivityPOCTests;
			packageProductDependencies = (
			);
			productName = LiveActivityPOCTests;
			productReference = 0B987A1C2E7E8DF8002E596F /* LiveActivityPOCTests.xctest */;
			productType = "com.apple.product-type.bundle.unit-test";
		};
		0B987A252E7E8DF8002E596F /* LiveActivityPOCUITests */ = {
			isa = PBXNativeTarget;
			buildConfigurationList = 0B987A362E7E8DF8002E596F /* Build configuration list for PBXNativeTarget "LiveActivityPOCUITests" */;
			buildPhases = (
				0B987A222E7E8DF8002E596F /* Sources */,
				0B987A232E7E8DF8002E596F /* Frameworks */,
				0B987A242E7E8DF8002E596F /* Resources */,
			);
			buildRules = (
			);
			dependencies = (
				0B987A282E7E8DF8002E596F /* PBXTargetDependency */,
			);
			fileSystemSynchronizedGroups = (
				0B987A292E7E8DF8002E596F /* LiveActivityPOCUITests */,
			);
			name = LiveActivityPOCUITests;
			packageProductDependencies = (
			);
			productName = LiveActivityPOCUITests;
			productReference = 0B987A262E7E8DF8002E596F /* LiveActivityPOCUITests.xctest */;
			productType = "com.apple.product-type.bundle.ui-testing";
		};
		0B987A3C2E7E8E42002E596F /* LiveActivityWidgetExtension */ = {
			isa = PBXNativeTarget;
			buildConfigurationList = 0B987A532E7E8E43002E596F /* Build configuration list for PBXNativeTarget "LiveActivityWidgetExtension" */;
			buildPhases = (
				0B987A392E7E8E42002E596F /* Sources */,
				0B987A3A2E7E8E42002E596F /* Frameworks */,
				0B987A3B2E7E8E42002E596F /* Resources */,
			);
			buildRules = (
			);
			dependencies = (
			);
			fileSystemSynchronizedGroups = (
				0B987A432E7E8E42002E596F /* LiveActivityWidget */,
			);
			name = LiveActivityWidgetExtension;
			packageProductDependencies = (
			);
			productName = LiveActivityWidgetExtension;
			productReference = 0B987A3D2E7E8E42002E596F /* LiveActivityWidgetExtension.appex */;
			productType = "com.apple.product-type.app-extension";
		};
/* End PBXNativeTarget section */

/* Begin PBXProject section */
		0B987A042E7E8DF7002E596F /* Project object */ = {
			isa = PBXProject;
			attributes = {
				BuildIndependentTargetsInParallel = 1;
				LastSwiftUpdateCheck = 1620;
				LastUpgradeCheck = 1620;
				TargetAttributes = {
					0B987A0B2E7E8DF7002E596F = {
						CreatedOnToolsVersion = 16.2;
					};
					0B987A1B2E7E8DF8002E596F = {
						CreatedOnToolsVersion = 16.2;
						TestTargetID = 0B987A0B2E7E8DF7002E596F;
					};
					0B987A252E7E8DF8002E596F = {
						CreatedOnToolsVersion = 16.2;
						TestTargetID = 0B987A0B2E7E8DF7002E596F;
					};
					0B987A3C2E7E8E42002E596F = {
						CreatedOnToolsVersion = 16.2;
					};
				};
			};
			buildConfigurationList = 0B987A072E7E8DF7002E596F /* Build configuration list for PBXProject "LiveActivityPOC" */;
			developmentRegion = en;
			hasScannedForEncodings = 0;
			knownRegions = (
				en,
				Base,
			);
			mainGroup = 0B987A032E7E8DF7002E596F;
			minimizedProjectReferenceProxies = 1;
			preferredProjectObjectVersion = 77;
			productRefGroup = 0B987A0D2E7E8DF7002E596F /* Products */;
			projectDirPath = "";
			projectRoot = "";
			targets = (
				0B987A0B2E7E8DF7002E596F /* LiveActivityPOC */,
				0B987A1B2E7E8DF8002E596F /* LiveActivityPOCTests */,
				0B987A252E7E8DF8002E596F /* LiveActivityPOCUITests */,
				0B987A3C2E7E8E42002E596F /* LiveActivityWidgetExtension */,
			);
		};
/* End PBXProject section */

/* Begin PBXResourcesBuildPhase section */
		0B987A0A2E7E8DF7002E596F /* Resources */ = {
			isa = PBXResourcesBuildPhase;
			buildActionMask = 2147483647;
			files = (
			);
			runOnlyForDeploymentPostprocessing = 0;
		};
		0B987A1A2E7E8DF8002E596F /* Resources */ = {
			isa = PBXResourcesBuildPhase;
			buildActionMask = 2147483647;
			files = (
			);
			runOnlyForDeploymentPostprocessing = 0;
		};
		0B987A242E7E8DF8002E596F /* Resources */ = {
			isa = PBXResourcesBuildPhase;
			buildActionMask = 2147483647;
			files = (
			);
			runOnlyForDeploymentPostprocessing = 0;
		};
		0B987A3B2E7E8E42002E596F /* Resources */ = {
			isa = PBXResourcesBuildPhase;
			buildActionMask = 2147483647;
			files = (
			);
			runOnlyForDeploymentPostprocessing = 0;
		};
/* End PBXResourcesBuildPhase section */

/* Begin PBXSourcesBuildPhase section */
		0B987A082E7E8DF7002E596F /* Sources */ = {
			isa = PBXSourcesBuildPhase;
			buildActionMask = 2147483647;
			files = (
			);
			runOnlyForDeploymentPostprocessing = 0;
		};
		0B987A182E7E8DF8002E596F /* Sources */ = {
			isa = PBXSourcesBuildPhase;
			buildActionMask = 2147483647;
			files = (
			);
			runOnlyForDeploymentPostprocessing = 0;
		};
		0B987A222E7E8DF8002E596F /* Sources */ = {
			isa = PBXSourcesBuildPhase;
			buildActionMask = 2147483647;
			files = (
			);
			runOnlyForDeploymentPostprocessing = 0;
		};
		0B987A392E7E8E42002E596F /* Sources */ = {
			isa = PBXSourcesBuildPhase;
			buildActionMask = 2147483647;
			files = (
			);
			runOnlyForDeploymentPostprocessing = 0;
		};
/* End PBXSourcesBuildPhase section */

/* Begin PBXTargetDependency section */
		0B987A1E2E7E8DF8002E596F /* PBXTargetDependency */ = {
			isa = PBXTargetDependency;
			target = 0B987A0B2E7E8DF7002E596F /* LiveActivityPOC */;
			targetProxy = 0B987A1D2E7E8DF8002E596F /* PBXContainerItemProxy */;
		};
		0B987A282E7E8DF8002E596F /* PBXTargetDependency */ = {
			isa = PBXTargetDependency;
			target = 0B987A0B2E7E8DF7002E596F /* LiveActivityPOC */;
			targetProxy = 0B987A272E7E8DF8002E596F /* PBXContainerItemProxy */;
		};
		0B987A502E7E8E43002E596F /* PBXTargetDependency */ = {
			isa = PBXTargetDependency;
			target = 0B987A3C2E7E8E42002E596F /* LiveActivityWidgetExtension */;
			targetProxy = 0B987A4F2E7E8E43002E596F /* PBXContainerItemProxy */;
		};
/* End PBXTargetDependency section */

/* Begin XCBuildConfiguration section */
		0B987A2E2E7E8DF8002E596F /* Debug */ = {
			isa = XCBuildConfiguration;
			buildSettings = {
				ALWAYS_SEARCH_USER_PATHS = NO;
				ASSETCATALOG_COMPILER_GENERATE_SWIFT_ASSET_SYMBOL_EXTENSIONS = YES;
				CLANG_ANALYZER_NONNULL = YES;
				CLANG_ANALYZER_NUMBER_OBJECT_CONVERSION = YES_AGGRESSIVE;
				CLANG_CXX_LANGUAGE_STANDARD = "gnu++20";
				CLANG_ENABLE_MODULES = YES;
				CLANG_ENABLE_OBJC_ARC = YES;
				CLANG_ENABLE_OBJC_WEAK = YES;
				CLANG_WARN_BLOCK_CAPTURE_AUTORELEASING = YES;
				CLANG_WARN_BOOL_CONVERSION = YES;
				CLANG_WARN_COMMA = YES;
				CLANG_WARN_CONSTANT_CONVERSION = YES;
				CLANG_WARN_DEPRECATED_OBJC_IMPLEMENTATIONS = YES;
				CLANG_WARN_DIRECT_OBJC_ISA_USAGE = YES_ERROR;
				CLANG_WARN_DOCUMENTATION_COMMENTS = YES;
				CLANG_WARN_EMPTY_BODY = YES;
				CLANG_WARN_ENUM_CONVERSION = YES;
				CLANG_WARN_INFINITE_RECURSION = YES;
				CLANG_WARN_INT_CONVERSION = YES;
				CLANG_WARN_NON_LITERAL_NULL_CONVERSION = YES;
				CLANG_WARN_OBJC_IMPLICIT_RETAIN_SELF = YES;
				CLANG_WARN_OBJC_LITERAL_CONVERSION = YES;
				CLANG_WARN_OBJC_ROOT_CLASS = YES_ERROR;
				CLANG_WARN_QUOTED_INCLUDE_IN_FRAMEWORK_HEADER = YES;
				CLANG_WARN_RANGE_LOOP_ANALYSIS = YES;
				CLANG_WARN_STRICT_PROTOTYPES = YES;
				CLANG_WARN_SUSPICIOUS_MOVE = YES;
				CLANG_WARN_UNGUARDED_AVAILABILITY = YES_AGGRESSIVE;
				CLANG_WARN_UNREACHABLE_CODE = YES;
				CLANG_WARN__DUPLICATE_METHOD_MATCH = YES;
				COPY_PHASE_STRIP = NO;
				DEBUG_INFORMATION_FORMAT = dwarf;
				ENABLE_STRICT_OBJC_MSGSEND = YES;
				ENABLE_TESTABILITY = YES;
				ENABLE_USER_SCRIPT_SANDBOXING = YES;
				GCC_C_LANGUAGE_STANDARD = gnu17;
				GCC_DYNAMIC_NO_PIC = NO;
				GCC_NO_COMMON_BLOCKS = YES;
				GCC_OPTIMIZATION_LEVEL = 0;
				GCC_PREPROCESSOR_DEFINITIONS = (
					"DEBUG=1",
					"$(inherited)",
				);
				GCC_WARN_64_TO_32_BIT_CONVERSION = YES;
				GCC_WARN_ABOUT_RETURN_TYPE = YES_ERROR;
				GCC_WARN_UNDECLARED_SELECTOR = YES;
				GCC_WARN_UNINITIALIZED_AUTOS = YES_AGGRESSIVE;
				GCC_WARN_UNUSED_FUNCTION = YES;
				GCC_WARN_UNUSED_VARIABLE = YES;
				IPHONEOS_DEPLOYMENT_TARGET = 18.2;
				LOCALIZATION_PREFERS_STRING_CATALOGS = YES;
				MTL_ENABLE_DEBUG_INFO = INCLUDE_SOURCE;
				MTL_FAST_MATH = YES;
				ONLY_ACTIVE_ARCH = YES;
				SDKROOT = iphoneos;
				SWIFT_ACTIVE_COMPILATION_CONDITIONS = "DEBUG $(inherited)";
				SWIFT_OPTIMIZATION_LEVEL = "-Onone";
			};
			name = Debug;
		};
		0B987A2F2E7E8DF8002E596F /* Release */ = {
			isa = XCBuildConfiguration;
			buildSettings = {
				ALWAYS_SEARCH_USER_PATHS = NO;
				ASSETCATALOG_COMPILER_GENERATE_SWIFT_ASSET_SYMBOL_EXTENSIONS = YES;
				CLANG_ANALYZER_NONNULL = YES;
				CLANG_ANALYZER_NUMBER_OBJECT_CONVERSION = YES_AGGRESSIVE;
				CLANG_CXX_LANGUAGE_STANDARD = "gnu++20";
				CLANG_ENABLE_MODULES = YES;
				CLANG_ENABLE_OBJC_ARC = YES;
				CLANG_ENABLE_OBJC_WEAK = YES;
				CLANG_WARN_BLOCK_CAPTURE_AUTORELEASING = YES;
				CLANG_WARN_BOOL_CONVERSION = YES;
				CLANG_WARN_COMMA = YES;
				CLANG_WARN_CONSTANT_CONVERSION = YES;
				CLANG_WARN_DEPRECATED_OBJC_IMPLEMENTATIONS = YES;
				CLANG_WARN_DIRECT_OBJC_ISA_USAGE = YES_ERROR;
				CLANG_WARN_DOCUMENTATION_COMMENTS = YES;
				CLANG_WARN_EMPTY_BODY = YES;
				CLANG_WARN_ENUM_CONVERSION = YES;
				CLANG_WARN_INFINITE_RECURSION = YES;
				CLANG_WARN_INT_CONVERSION = YES;
				CLANG_WARN_NON_LITERAL_NULL_CONVERSION = YES;
				CLANG_WARN_OBJC_IMPLICIT_RETAIN_SELF = YES;
				CLANG_WARN_OBJC_LITERAL_CONVERSION = YES;
				CLANG_WARN_OBJC_ROOT_CLASS = YES_ERROR;
				CLANG_WARN_QUOTED_INCLUDE_IN_FRAMEWORK_HEADER = YES;
				CLANG_WARN_RANGE_LOOP_ANALYSIS = YES;
				CLANG_WARN_STRICT_PROTOTYPES = YES;
				CLANG_WARN_SUSPICIOUS_MOVE = YES;
				CLANG_WARN_UNGUARDED_AVAILABILITY = YES_AGGRESSIVE;
				CLANG_WARN_UNREACHABLE_CODE = YES;
				CLANG_WARN__DUPLICATE_METHOD_MATCH = YES;
				COPY_PHASE_STRIP = NO;
				DEBUG_INFORMATION_FORMAT = "dwarf-with-dsym";
				ENABLE_NS_ASSERTIONS = NO;
				ENABLE_STRICT_OBJC_MSGSEND = YES;
				ENABLE_USER_SCRIPT_SANDBOXING = YES;
				GCC_C_LANGUAGE_STANDARD = gnu17;
				GCC_NO_COMMON_BLOCKS = YES;
				GCC_WARN_64_TO_32_BIT_CONVERSION = YES;
				GCC_WARN_ABOUT_RETURN_TYPE = YES_ERROR;
				GCC_WARN_UNDECLARED_SELECTOR = YES;
				GCC_WARN_UNINITIALIZED_AUTOS = YES_AGGRESSIVE;
				GCC_WARN_UNUSED_FUNCTION = YES;
				GCC_WARN_UNUSED_VARIABLE = YES;
				IPHONEOS_DEPLOYMENT_TARGET = 18.2;
				LOCALIZATION_PREFERS_STRING_CATALOGS = YES;
				MTL_ENABLE_DEBUG_INFO = NO;
				MTL_FAST_MATH = YES;
				SDKROOT = iphoneos;
				SWIFT_COMPILATION_MODE = wholemodule;
				VALIDATE_PRODUCT = YES;
			};
			name = Release;
		};
		0B987A312E7E8DF8002E596F /* Debug */ = {
			isa = XCBuildConfiguration;
			buildSettings = {
				ASSETCATALOG_COMPILER_APPICON_NAME = AppIcon;
				ASSETCATALOG_COMPILER_GLOBAL_ACCENT_COLOR_NAME = AccentColor;
				CODE_SIGN_IDENTITY = "Apple Development";
				CODE_SIGN_STYLE = Automatic;
				CURRENT_PROJECT_VERSION = 1;
				DEVELOPMENT_ASSET_PATHS = "\"LiveActivityPOC/Preview Content\"";
				DEVELOPMENT_TEAM = 75X539JAZY;
				ENABLE_PREVIEWS = YES;
				GENERATE_INFOPLIST_FILE = YES;
				INFOPLIST_FILE = LiveActivityPOC/Info.plist;
				INFOPLIST_KEY_UIApplicationSceneManifest_Generation = YES;
				INFOPLIST_KEY_UIApplicationSupportsIndirectInputEvents = YES;
				INFOPLIST_KEY_UILaunchScreen_Generation = YES;
				INFOPLIST_KEY_UISupportedInterfaceOrientations_iPad = "UIInterfaceOrientationPortrait UIInterfaceOrientationPortraitUpsideDown UIInterfaceOrientationLandscapeLeft UIInterfaceOrientationLandscapeRight";
				INFOPLIST_KEY_UISupportedInterfaceOrientations_iPhone = "UIInterfaceOrientationPortrait UIInterfaceOrientationLandscapeLeft UIInterfaceOrientationLandscapeRight";
				IPHONEOS_DEPLOYMENT_TARGET = 17.6;
				LD_RUNPATH_SEARCH_PATHS = (
					"$(inherited)",
					"@executable_path/Frameworks",
				);
				MARKETING_VERSION = 1.0;
				PRODUCT_BUNDLE_IDENTIFIER = com.manavapps.LiveActivityPOC;
				PRODUCT_NAME = "$(TARGET_NAME)";
				PROVISIONING_PROFILE_SPECIFIER = "";
				SWIFT_EMIT_LOC_STRINGS = YES;
				SWIFT_VERSION = 5.0;
				TARGETED_DEVICE_FAMILY = "1,2";
			};
			name = Debug;
		};
		0B987A322E7E8DF8002E596F /* Release */ = {
			isa = XCBuildConfiguration;
			buildSettings = {
				ASSETCATALOG_COMPILER_APPICON_NAME = AppIcon;
				ASSETCATALOG_COMPILER_GLOBAL_ACCENT_COLOR_NAME = AccentColor;
				CODE_SIGN_IDENTITY = "Apple Development";
				CODE_SIGN_STYLE = Automatic;
				CURRENT_PROJECT_VERSION = 1;
				DEVELOPMENT_ASSET_PATHS = "\"LiveActivityPOC/Preview Content\"";
				DEVELOPMENT_TEAM = 75X539JAZY;
				ENABLE_PREVIEWS = YES;
				GENERATE_INFOPLIST_FILE = YES;
				INFOPLIST_FILE = LiveActivityPOC/Info.plist;
				INFOPLIST_KEY_UIApplicationSceneManifest_Generation = YES;
				INFOPLIST_KEY_UIApplicationSupportsIndirectInputEvents = YES;
				INFOPLIST_KEY_UILaunchScreen_Generation = YES;
				INFOPLIST_KEY_UISupportedInterfaceOrientations_iPad = "UIInterfaceOrientationPortrait UIInterfaceOrientationPortraitUpsideDown UIInterfaceOrientationLandscapeLeft UIInterfaceOrientationLandscapeRight";
				INFOPLIST_KEY_UISupportedInterfaceOrientations_iPhone = "UIInterfaceOrientationPortrait UIInterfaceOrientationLandscapeLeft UIInterfaceOrientationLandscapeRight";
				IPHONEOS_DEPLOYMENT_TARGET = 17.6;
				LD_RUNPATH_SEARCH_PATHS = (
					"$(inherited)",
					"@executable_path/Frameworks",
				);
				MARKETING_VERSION = 1.0;
				PRODUCT_BUNDLE_IDENTIFIER = com.manavapps.LiveActivityPOC;
				PRODUCT_NAME = "$(TARGET_NAME)";
				PROVISIONING_PROFILE_SPECIFIER = "";
				SWIFT_EMIT_LOC_STRINGS = YES;
				SWIFT_VERSION = 5.0;
				TARGETED_DEVICE_FAMILY = "1,2";
			};
			name = Release;
		};
		0B987A342E7E8DF8002E596F /* Debug */ = {
			isa = XCBuildConfiguration;
			buildSettings = {
				BUNDLE_LOADER = "$(TEST_HOST)";
				CODE_SIGN_STYLE = Automatic;
				CURRENT_PROJECT_VERSION = 1;
				GENERATE_INFOPLIST_FILE = YES;
				IPHONEOS_DEPLOYMENT_TARGET = 18.2;
				MARKETING_VERSION = 1.0;
				PRODUCT_BUNDLE_IDENTIFIER = com.manavapps.LiveActivityPOCTests;
				PRODUCT_NAME = "$(TARGET_NAME)";
				SWIFT_EMIT_LOC_STRINGS = NO;
				SWIFT_VERSION = 5.0;
				TARGETED_DEVICE_FAMILY = "1,2";
				TEST_HOST = "$(BUILT_PRODUCTS_DIR)/LiveActivityPOC.app/$(BUNDLE_EXECUTABLE_FOLDER_PATH)/LiveActivityPOC";
			};
			name = Debug;
		};
		0B987A352E7E8DF8002E596F /* Release */ = {
			isa = XCBuildConfiguration;
			buildSettings = {
				BUNDLE_LOADER = "$(TEST_HOST)";
				CODE_SIGN_STYLE = Automatic;
				CURRENT_PROJECT_VERSION = 1;
				GENERATE_INFOPLIST_FILE = YES;
				IPHONEOS_DEPLOYMENT_TARGET = 18.2;
				MARKETING_VERSION = 1.0;
				PRODUCT_BUNDLE_IDENTIFIER = com.manavapps.LiveActivityPOCTests;
				PRODUCT_NAME = "$(TARGET_NAME)";
				SWIFT_EMIT_LOC_STRINGS = NO;
				SWIFT_VERSION = 5.0;
				TARGETED_DEVICE_FAMILY = "1,2";
				TEST_HOST = "$(BUILT_PRODUCTS_DIR)/LiveActivityPOC.app/$(BUNDLE_EXECUTABLE_FOLDER_PATH)/LiveActivityPOC";
			};
			name = Release;
		};
		0B987A372E7E8DF8002E596F /* Debug */ = {
			isa = XCBuildConfiguration;
			buildSettings = {
				CODE_SIGN_STYLE = Automatic;
				CURRENT_PROJECT_VERSION = 1;
				GENERATE_INFOPLIST_FILE = YES;
				MARKETING_VERSION = 1.0;
				PRODUCT_BUNDLE_IDENTIFIER = com.manavapps.LiveActivityPOCUITests;
				PRODUCT_NAME = "$(TARGET_NAME)";
				SWIFT_EMIT_LOC_STRINGS = NO;
				SWIFT_VERSION = 5.0;
				TARGETED_DEVICE_FAMILY = "1,2";
				TEST_TARGET_NAME = LiveActivityPOC;
			};
			name = Debug;
		};
		0B987A382E7E8DF8002E596F /* Release */ = {
			isa = XCBuildConfiguration;
			buildSettings = {
				CODE_SIGN_STYLE = Automatic;
				CURRENT_PROJECT_VERSION = 1;
				GENERATE_INFOPLIST_FILE = YES;
				MARKETING_VERSION = 1.0;
				PRODUCT_BUNDLE_IDENTIFIER = com.manavapps.LiveActivityPOCUITests;
				PRODUCT_NAME = "$(TARGET_NAME)";
				SWIFT_EMIT_LOC_STRINGS = NO;
				SWIFT_VERSION = 5.0;
				TARGETED_DEVICE_FAMILY = "1,2";
				TEST_TARGET_NAME = LiveActivityPOC;
			};
			name = Release;
		};
		0B987A542E7E8E43002E596F /* Debug */ = {
			isa = XCBuildConfiguration;
			buildSettings = {
				ASSETCATALOG_COMPILER_GLOBAL_ACCENT_COLOR_NAME = AccentColor;
				ASSETCATALOG_COMPILER_WIDGET_BACKGROUND_COLOR_NAME = WidgetBackground;
				CODE_SIGN_STYLE = Automatic;
				CURRENT_PROJECT_VERSION = 1;
				DEVELOPMENT_TEAM = 75X539JAZY;
				GENERATE_INFOPLIST_FILE = YES;
				INFOPLIST_FILE = LiveActivityWidget/Info.plist;
				INFOPLIST_KEY_CFBundleDisplayName = LiveActivityWidget;
				INFOPLIST_KEY_NSHumanReadableCopyright = "";
				LD_RUNPATH_SEARCH_PATHS = (
					"$(inherited)",
					"@executable_path/Frameworks",
					"@executable_path/../../Frameworks",
				);
				MARKETING_VERSION = 1.0;
				PRODUCT_BUNDLE_IDENTIFIER = com.manavapps.LiveActivityPOC.LiveActivityWidget;
				PRODUCT_NAME = "$(TARGET_NAME)";
				SKIP_INSTALL = YES;
				SWIFT_EMIT_LOC_STRINGS = YES;
				SWIFT_VERSION = 5.0;
				TARGETED_DEVICE_FAMILY = "1,2";
			};
			name = Debug;
		};
		0B987A552E7E8E43002E596F /* Release */ = {
			isa = XCBuildConfiguration;
			buildSettings = {
				ASSETCATALOG_COMPILER_GLOBAL_ACCENT_COLOR_NAME = AccentColor;
				ASSETCATALOG_COMPILER_WIDGET_BACKGROUND_COLOR_NAME = WidgetBackground;
				CODE_SIGN_STYLE = Automatic;
				CURRENT_PROJECT_VERSION = 1;
				DEVELOPMENT_TEAM = 75X539JAZY;
				GENERATE_INFOPLIST_FILE = YES;
				INFOPLIST_FILE = LiveActivityWidget/Info.plist;
				INFOPLIST_KEY_CFBundleDisplayName = LiveActivityWidget;
				INFOPLIST_KEY_NSHumanReadableCopyright = "";
				LD_RUNPATH_SEARCH_PATHS = (
					"$(inherited)",
					"@executable_path/Frameworks",
					"@executable_path/../../Frameworks",
				);
				MARKETING_VERSION = 1.0;
				PRODUCT_BUNDLE_IDENTIFIER = com.manavapps.LiveActivityPOC.LiveActivityWidget;
				PRODUCT_NAME = "$(TARGET_NAME)";
				SKIP_INSTALL = YES;
				SWIFT_EMIT_LOC_STRINGS = YES;
				SWIFT_VERSION = 5.0;
				TARGETED_DEVICE_FAMILY = "1,2";
			};
			name = Release;
		};
/* End XCBuildConfiguration section */

/* Begin XCConfigurationList section */
		0B987A072E7E8DF7002E596F /* Build configuration list for PBXProject "LiveActivityPOC" */ = {
			isa = XCConfigurationList;
			buildConfigurations = (
				0B987A2E2E7E8DF8002E596F /* Debug */,
				0B987A2F2E7E8DF8002E596F /* Release */,
			);
			defaultConfigurationIsVisible = 0;
			defaultConfigurationName = Release;
		};
		0B987A302E7E8DF8002E596F /* Build configuration list for PBXNativeTarget "LiveActivityPOC" */ = {
			isa = XCConfigurationList;
			buildConfigurations = (
				0B987A312E7E8DF8002E596F /* Debug */,
				0B987A322E7E8DF8002E596F /* Release */,
			);
			defaultConfigurationIsVisible = 0;
			defaultConfigurationName = Release;
		};
		0B987A332E7E8DF8002E596F /* Build configuration list for PBXNativeTarget "LiveActivityPOCTests" */ = {
			isa = XCConfigurationList;
			buildConfigurations = (
				0B987A342E7E8DF8002E596F /* Debug */,
				0B987A352E7E8DF8002E596F /* Release */,
			);
			defaultConfigurationIsVisible = 0;
			defaultConfigurationName = Release;
		};
		0B987A362E7E8DF8002E596F /* Build configuration list for PBXNativeTarget "LiveActivityPOCUITests" */ = {
			isa = XCConfigurationList;
			buildConfigurations = (
				0B987A372E7E8DF8002E596F /* Debug */,
				0B987A382E7E8DF8002E596F /* Release */,
			);
			defaultConfigurationIsVisible = 0;
			defaultConfigurationName = Release;
		};
		0B987A532E7E8E43002E596F /* Build configuration list for PBXNativeTarget "LiveActivityWidgetExtension" */ = {
			isa = XCConfigurationList;
			buildConfigurations = (
				0B987A542E7E8E43002E596F /* Debug */,
				0B987A552E7E8E43002E596F /* Release */,
			);
			defaultConfigurationIsVisible = 0;
			defaultConfigurationName = Release;
		};
/* End XCConfigurationList section */
	};
	rootObject = 0B987A042E7E8DF7002E596F /* Project object */;
}
